# This file is autogenerated, do not edit; changes may be undone by the next 'dep ensure'.


[[projects]]
  name = "github.com/boltdb/bolt"
  packages = ["."]
  revision = "2f1ce7a837dcb8da3ec595b1dac9d0632f0f99e8"
  version = "v1.3.1"

[[projects]]
  name = "github.com/google/easypki"
  packages = ["pkg/certificate","pkg/easypki","pkg/store"]
  revision = "da29806f5b70ad69f35f13566768252e4d6588af"
  version = "v1.1.0"

[[projects]]
  branch = "master"
  name = "golang.org/x/sys"
  packages = ["unix"]
  revision = "7a85bfad8bb9558204b9cc9b3624680d2d443a35"

[solve-meta]
  analyzer-name = "dep"
  analyzer-version = 1
  inputs-digest = "d8fa305122c0974b7ddf4d68eb343cdb50a3f3ee153fbc3a12453b4e989ce4c7"
  solver-name = "gps-cdcl"
  solver-version = 1
